
Microsoft Visual Studio Solution File, Format Version 12.00
# Visual Studio Version 16
VisualStudioVersion = 16.0.30717.126
MinimumVisualStudioVersion = 10.0.40219.1
Project("{9A19103F-16F7-4668-BE54-9A1E7A4F7556}") = "ITServiceAPI", "ITServiceAPI.csproj", "{FAA22E38-844C-45CF-A015-9C345682AD2C}"
EndProject
Global
	GlobalSection(SolutionConfigurationPlatforms) = preSolution
		Debug|Any CPU = Debug|Any CPU
		Release|Any CPU = Release|Any CPU
	EndGlobalSection
	GlobalSection(ProjectConfigurationPlatforms) = postSolution
		{FAA22E38-844C-45CF-A015-9C345682AD2C}.Debug|Any CPU.ActiveCfg = Debug|Any CPU
		{FAA22E38-844C-45CF-A015-9C345682AD2C}.Debug|Any CPU.Build.0 = Debug|Any CPU
		{FAA22E38-844C-45CF-A015-9C345682AD2C}.Release|Any CPU.ActiveCfg = Release|Any CPU
		{FAA22E38-844C-45CF-A015-9C345682AD2C}.Release|Any CPU.Build.0 = Release|Any CPU
	EndGlobalSection
	GlobalSection(SolutionProperties) = preSolution
		HideSolutionNode = FALSE
	EndGlobalSection
	GlobalSection(ExtensibilityGlobals) = postSolution
		SolutionGuid = {75BD817B-9CB2-4790-BF39-FD42881C0EFE}
	EndGlobalSection
EndGlobal
